
Microsoft Visual Studio Solution File, Format Version 12.00
# Visual Studio Version 17
VisualStudioVersion = 17.1.32210.238
MinimumVisualStudioVersion = 10.0.40219.1
Project("{FAE04EC0-301F-11D3-BF4B-00C04F79EFBC}") = "KeePassCPEO", "KeePassCPEO\KeePassCPEO.csproj", "{C8506682-E06F-4597-863D-98F13B71A294}"
EndProject
Project("{2150E333-8FDC-42A3-9474-1A3956D46DE8}") = "Solution Items", "Solution Items", "{892DE921-E3F0-43AA-9DA9-996A8ECD3D8D}"
	ProjectSection(SolutionItems) = preProject
		..\.github\workflows\build.yml = ..\.github\workflows\build.yml
		..\LICENSE = ..\LICENSE
		..\plugin-version.txt = ..\plugin-version.txt
		..\README.md = ..\README.md
		..\.github\workflows\release.yml = ..\.github\workflows\release.yml
	EndProjectSection
EndProject
Project("{2150E333-8FDC-42A3-9474-1A3956D46DE8}") = "Unit Tests", "Unit Tests", "{D58F61DD-9A8E-4204-9A52-3A85ED97D46C}"
EndProject
Project("{9A19103F-16F7-4668-BE54-9A1E7A4F7556}") = "KeePassCPEO.Tests", "KeePassCPEO.Tests\KeePassCPEO.Tests.csproj", "{4FABC321-2B84-40BA-A0D9-AB8EDD3D46B3}"
EndProject
Global
	GlobalSection(SolutionConfigurationPlatforms) = preSolution
		Debug|Any CPU = Debug|Any CPU
		Release|Any CPU = Release|Any CPU
	EndGlobalSection
	GlobalSection(ProjectConfigurationPlatforms) = postSolution
		{C8506682-E06F-4597-863D-98F13B71A294}.Debug|Any CPU.ActiveCfg = Debug|Any CPU
		{C8506682-E06F-4597-863D-98F13B71A294}.Debug|Any CPU.Build.0 = Debug|Any CPU
		{C8506682-E06F-4597-863D-98F13B71A294}.Release|Any CPU.ActiveCfg = Release|Any CPU
		{C8506682-E06F-4597-863D-98F13B71A294}.Release|Any CPU.Build.0 = Release|Any CPU
		{4FABC321-2B84-40BA-A0D9-AB8EDD3D46B3}.Debug|Any CPU.ActiveCfg = Debug|Any CPU
		{4FABC321-2B84-40BA-A0D9-AB8EDD3D46B3}.Debug|Any CPU.Build.0 = Debug|Any CPU
		{4FABC321-2B84-40BA-A0D9-AB8EDD3D46B3}.Release|Any CPU.ActiveCfg = Release|Any CPU
		{4FABC321-2B84-40BA-A0D9-AB8EDD3D46B3}.Release|Any CPU.Build.0 = Release|Any CPU
	EndGlobalSection
	GlobalSection(SolutionProperties) = preSolution
		HideSolutionNode = FALSE
	EndGlobalSection
	GlobalSection(NestedProjects) = preSolution
		{4FABC321-2B84-40BA-A0D9-AB8EDD3D46B3} = {D58F61DD-9A8E-4204-9A52-3A85ED97D46C}
	EndGlobalSection
	GlobalSection(ExtensibilityGlobals) = postSolution
		SolutionGuid = {669C04B5-4332-4B7D-A066-1FBD54A7CD55}
	EndGlobalSection
EndGlobal
